
Microsoft Visual Studio Solution File, Format Version 12.00
# Visual Studio Version 16
VisualStudioVersion = 16.0.31515.178
MinimumVisualStudioVersion = 10.0.40219.1
Project("{FAE04EC0-301F-11D3-BF4B-00C04F79EFBC}") = "ExNotes", "ExNotes.csproj", "{AA14F6D0-06BB-42DF-9A61-FF9A3037EDDB}"
EndProject
Global
	GlobalSection(SolutionConfigurationPlatforms) = preSolution
		Debug|Any CPU = Debug|Any CPU
		Release|Any CPU = Release|Any CPU
	EndGlobalSection
	GlobalSection(ProjectConfigurationPlatforms) = postSolution
		{AA14F6D0-06BB-42DF-9A61-FF9A3037EDDB}.Debug|Any CPU.ActiveCfg = Debug|Any CPU
		{AA14F6D0-06BB-42DF-9A61-FF9A3037EDDB}.Debug|Any CPU.Build.0 = Debug|Any CPU
		{AA14F6D0-06BB-42DF-9A61-FF9A3037EDDB}.Release|Any CPU.ActiveCfg = Release|Any CPU
		{AA14F6D0-06BB-42DF-9A61-FF9A3037EDDB}.Release|Any CPU.Build.0 = Release|Any CPU
	EndGlobalSection
	GlobalSection(SolutionProperties) = preSolution
		HideSolutionNode = FALSE
	EndGlobalSection
	GlobalSection(ExtensibilityGlobals) = postSolution
		SolutionGuid = {E2DEA1D8-9A16-4506-B3C9-AAE33259280A}
	EndGlobalSection
EndGlobal
